
Microsoft Visual Studio Solution File, Format Version 12.00
# Visual Studio Version 17
VisualStudioVersion = 17.7.34202.233
MinimumVisualStudioVersion = 10.0.40219.1
Project("{FAE04EC0-301F-11D3-BF4B-00C04F79EFBC}") = "LoginPageApplication", "LoginPageApplication\LoginPageApplication.csproj", "{4E6674BE-F551-42A7-B9B4-93F48AC45490}"
EndProject
Global
	GlobalSection(SolutionConfigurationPlatforms) = preSolution
		Debug|Any CPU = Debug|Any CPU
		Release|Any CPU = Release|Any CPU
	EndGlobalSection
	GlobalSection(ProjectConfigurationPlatforms) = postSolution
		{4E6674BE-F551-42A7-B9B4-93F48AC45490}.Debug|Any CPU.ActiveCfg = Debug|Any CPU
		{4E6674BE-F551-42A7-B9B4-93F48AC45490}.Debug|Any CPU.Build.0 = Debug|Any CPU
		{4E6674BE-F551-42A7-B9B4-93F48AC45490}.Release|Any CPU.ActiveCfg = Release|Any CPU
		{4E6674BE-F551-42A7-B9B4-93F48AC45490}.Release|Any CPU.Build.0 = Release|Any CPU
	EndGlobalSection
	GlobalSection(SolutionProperties) = preSolution
		HideSolutionNode = FALSE
	EndGlobalSection
	GlobalSection(ExtensibilityGlobals) = postSolution
		SolutionGuid = {05AFC211-B6CC-4ACD-81A5-95BF20960951}
	EndGlobalSection
EndGlobal
