
Microsoft Visual Studio Solution File, Format Version 12.00
# Visual Studio Version 17
VisualStudioVersion = 17.11.35303.130
MinimumVisualStudioVersion = 10.0.40219.1
Project("{FAE04EC0-301F-11D3-BF4B-00C04F79EFBC}") = "UrunListe", "UrunListe\UrunListe.csproj", "{F8965665-D407-428D-B970-F9542C541C5B}"
EndProject
Global
	GlobalSection(SolutionConfigurationPlatforms) = preSolution
		Debug|Any CPU = Debug|Any CPU
		Release|Any CPU = Release|Any CPU
	EndGlobalSection
	GlobalSection(ProjectConfigurationPlatforms) = postSolution
		{F8965665-D407-428D-B970-F9542C541C5B}.Debug|Any CPU.ActiveCfg = Debug|Any CPU
		{F8965665-D407-428D-B970-F9542C541C5B}.Debug|Any CPU.Build.0 = Debug|Any CPU
		{F8965665-D407-428D-B970-F9542C541C5B}.Release|Any CPU.ActiveCfg = Release|Any CPU
		{F8965665-D407-428D-B970-F9542C541C5B}.Release|Any CPU.Build.0 = Release|Any CPU
	EndGlobalSection
	GlobalSection(SolutionProperties) = preSolution
		HideSolutionNode = FALSE
	EndGlobalSection
	GlobalSection(ExtensibilityGlobals) = postSolution
		SolutionGuid = {A1EC35CE-A781-4501-B4C1-A22B53720D87}
	EndGlobalSection
EndGlobal
