
Microsoft Visual Studio Solution File, Format Version 12.00
# Visual Studio Version 17
VisualStudioVersion = 17.7.34202.233
MinimumVisualStudioVersion = 10.0.40219.1
Project("{FAE04EC0-301F-11D3-BF4B-00C04F79EFBC}") = "Fak_ÜsAl_MükSa_AsalMİ", "Fak_ÜsAl_MükSa_AsalMİ\Fak_ÜsAl_MükSa_AsalMİ.csproj", "{7A1D8835-42F8-42C5-9972-5AF3BD95B829}"
EndProject
Global
	GlobalSection(SolutionConfigurationPlatforms) = preSolution
		Debug|Any CPU = Debug|Any CPU
		Release|Any CPU = Release|Any CPU
	EndGlobalSection
	GlobalSection(ProjectConfigurationPlatforms) = postSolution
		{7A1D8835-42F8-42C5-9972-5AF3BD95B829}.Debug|Any CPU.ActiveCfg = Debug|Any CPU
		{7A1D8835-42F8-42C5-9972-5AF3BD95B829}.Debug|Any CPU.Build.0 = Debug|Any CPU
		{7A1D8835-42F8-42C5-9972-5AF3BD95B829}.Release|Any CPU.ActiveCfg = Release|Any CPU
		{7A1D8835-42F8-42C5-9972-5AF3BD95B829}.Release|Any CPU.Build.0 = Release|Any CPU
	EndGlobalSection
	GlobalSection(SolutionProperties) = preSolution
		HideSolutionNode = FALSE
	EndGlobalSection
	GlobalSection(ExtensibilityGlobals) = postSolution
		SolutionGuid = {C8474D4F-581B-4BA6-A7E7-46C5C3CA593F}
	EndGlobalSection
EndGlobal
